
Microsoft Visual Studio Solution File, Format Version 12.00
# Visual Studio Version 17
VisualStudioVersion = 17.2.32616.157
MinimumVisualStudioVersion = 10.0.40219.1
Project("{FAE04EC0-301F-11D3-BF4B-00C04F79EFBC}") = "MyWebApp", "MyWebApp\MyWebApp.csproj", "{3197D2EF-0F71-467B-8DED-046AE0CA7225}"
EndProject
Global
	GlobalSection(SolutionConfigurationPlatforms) = preSolution
		Debug|Any CPU = Debug|Any CPU
		Release|Any CPU = Release|Any CPU
	EndGlobalSection
	GlobalSection(ProjectConfigurationPlatforms) = postSolution
		{3197D2EF-0F71-467B-8DED-046AE0CA7225}.Debug|Any CPU.ActiveCfg = Debug|Any CPU
		{3197D2EF-0F71-467B-8DED-046AE0CA7225}.Debug|Any CPU.Build.0 = Debug|Any CPU
		{3197D2EF-0F71-467B-8DED-046AE0CA7225}.Release|Any CPU.ActiveCfg = Release|Any CPU
		{3197D2EF-0F71-467B-8DED-046AE0CA7225}.Release|Any CPU.Build.0 = Release|Any CPU
	EndGlobalSection
	GlobalSection(SolutionProperties) = preSolution
		HideSolutionNode = FALSE
	EndGlobalSection
	GlobalSection(ExtensibilityGlobals) = postSolution
		SolutionGuid = {0C40FCB6-135C-466B-A39E-A445A799EB79}
	EndGlobalSection
EndGlobal
